// !$*UTF8*$!
{
	archiveVersion = 1;
	classes = {
	};
	objectVersion = 50;
	objects = {

/* Begin PBXBuildFile section */
		8D12847D24C9E9DE00040971 /* AppDelegate.swift in Sources */ = {isa = PBXBuildFile; fileRef = 8D12847C24C9E9DE00040971 /* AppDelegate.swift */; };
		8D12847F24C9E9DE00040971 /* SceneDelegate.swift in Sources */ = {isa = PBXBuildFile; fileRef = 8D12847E24C9E9DE00040971 /* SceneDelegate.swift */; };
		8D12848124C9E9DE00040971 /* ViewController.swift in Sources */ = {isa = PBXBuildFile; fileRef = 8D12848024C9E9DE00040971 /* ViewController.swift */; };
		8D12848424C9E9DE00040971 /* Main.storyboard in Resources */ = {isa = PBXBuildFile; fileRef = 8D12848224C9E9DE00040971 /* Main.storyboard */; };
		8D12848624C9E9DF00040971 /* Assets.xcassets in Resources */ = {isa = PBXBuildFile; fileRef = 8D12848524C9E9DF00040971 /* Assets.xcassets */; };
		8D12848924C9E9DF00040971 /* LaunchScreen.storyboard in Resources */ = {isa = PBXBuildFile; fileRef = 8D12848724C9E9DF00040971 /* LaunchScreen.storyboard */; };
		8DD7D04924CA07EB00686F8C /* ViewController2.swift in Sources */ = {isa = PBXBuildFile; fileRef = 8DD7D04824CA07EB00686F8C /* ViewController2.swift */; };
		8DD7D04B24CA098D00686F8C /* ViewController3.swift in Sources */ = {isa = PBXBuildFile; fileRef = 8DD7D04A24CA098D00686F8C /* ViewController3.swift */; };
		8DD7D04D24CA09CF00686F8C /* ViewController4.swift in Sources */ = {isa = PBXBuildFile; fileRef = 8DD7D04C24CA09CF00686F8C /* ViewController4.swift */; };
		8DD7D04F24CA09FB00686F8C /* ViewController5.swift in Sources */ = {isa = PBXBuildFile; fileRef = 8DD7D04E24CA09FB00686F8C /* ViewController5.swift */; };
		8DD7D05124CA0A3700686F8C /* ViewController6.swift in Sources */ = {isa = PBXBuildFile; fileRef = 8DD7D05024CA0A3700686F8C /* ViewController6.swift */; };
		8DD7D05324CA0A5F00686F8C /* ViewController7.swift in Sources */ = {isa = PBXBuildFile; fileRef = 8DD7D05224CA0A5F00686F8C /* ViewController7.swift */; };
		8DD7D05524CA0A8900686F8C /* ViewController8.swift in Sources */ = {isa = PBXBuildFile; fileRef = 8DD7D05424CA0A8900686F8C /* ViewController8.swift */; };
		8DD7D05724CA0AC200686F8C /* ViewController9.swift in Sources */ = {isa = PBXBuildFile; fileRef = 8DD7D05624CA0AC200686F8C /* ViewController9.swift */; };
		8DD7D05924CA0B0500686F8C /* ViewController10.swift in Sources */ = {isa = PBXBuildFile; fileRef = 8DD7D05824CA0B0500686F8C /* ViewController10.swift */; };
		8DD7D05B24CA262700686F8C /* ViewController11.swift in Sources */ = {isa = PBXBuildFile; fileRef = 8DD7D05A24CA262700686F8C /* ViewController11.swift */; };
/* End PBXBuildFile section */

/* Begin PBXFileReference section */
		8D12847924C9E9DE00040971 /* MiniProject2.app */ = {isa = PBXFileReference; explicitFileType = wrapper.application; includeInIndex = 0; path = MiniProject2.app; sourceTree = BUILT_PRODUCTS_DIR; };
		8D12847C24C9E9DE00040971 /* AppDelegate.swift */ = {isa = PBXFileReference; lastKnownFileType = sourcecode.swift; path = AppDelegate.swift; sourceTree = "<group>"; };
		8D12847E24C9E9DE00040971 /* SceneDelegate.swift */ = {isa = PBXFileReference; lastKnownFileType = sourcecode.swift; path = SceneDelegate.swift; sourceTree = "<group>"; };
		8D12848024C9E9DE00040971 /* ViewController.swift */ = {isa = PBXFileReference; lastKnownFileType = sourcecode.swift; path = ViewController.swift; sourceTree = "<group>"; };
		8D12848324C9E9DE00040971 /* Base */ = {isa = PBXFileReference; lastKnownFileType = file.storyboard; name = Base; path = Base.lproj/Main.storyboard; sourceTree = "<group>"; };
		8D12848524C9E9DF00040971 /* Assets.xcassets */ = {isa = PBXFileReference; lastKnownFileType = folder.assetcatalog; path = Assets.xcassets; sourceTree = "<group>"; };
		8D12848824C9E9DF00040971 /* Base */ = {isa = PBXFileReference; lastKnownFileType = file.storyboard; name = Base; path = Base.lproj/LaunchScreen.storyboard; sourceTree = "<group>"; };
		8D12848A24C9E9DF00040971 /* Info.plist */ = {isa = PBXFileReference; lastKnownFileType = text.plist.xml; path = Info.plist; sourceTree = "<group>"; };
		8DD7D04824CA07EB00686F8C /* ViewController2.swift */ = {isa = PBXFileReference; lastKnownFileType = sourcecode.swift; path = ViewController2.swift; sourceTree = "<group>"; };
		8DD7D04A24CA098D00686F8C /* ViewController3.swift */ = {isa = PBXFileReference; lastKnownFileType = sourcecode.swift; path = ViewController3.swift; sourceTree = "<group>"; };
		8DD7D04C24CA09CF00686F8C /* ViewController4.swift */ = {isa = PBXFileReference; lastKnownFileType = sourcecode.swift; path = ViewController4.swift; sourceTree = "<group>"; };
		8DD7D04E24CA09FB00686F8C /* ViewController5.swift */ = {isa = PBXFileReference; lastKnownFileType = sourcecode.swift; path = ViewController5.swift; sourceTree = "<group>"; };
		8DD7D05024CA0A3700686F8C /* ViewController6.swift */ = {isa = PBXFileReference; lastKnownFileType = sourcecode.swift; path = ViewController6.swift; sourceTree = "<group>"; };
		8DD7D05224CA0A5F00686F8C /* ViewController7.swift */ = {isa = PBXFileReference; lastKnownFileType = sourcecode.swift; path = ViewController7.swift; sourceTree = "<group>"; };
		8DD7D05424CA0A8900686F8C /* ViewController8.swift */ = {isa = PBXFileReference; lastKnownFileType = sourcecode.swift; path = ViewController8.swift; sourceTree = "<group>"; };
		8DD7D05624CA0AC200686F8C /* ViewController9.swift */ = {isa = PBXFileReference; lastKnownFileType = sourcecode.swift; path = ViewController9.swift; sourceTree = "<group>"; };
		8DD7D05824CA0B0500686F8C /* ViewController10.swift */ = {isa = PBXFileReference; lastKnownFileType = sourcecode.swift; path = ViewController10.swift; sourceTree = "<group>"; };
		8DD7D05A24CA262700686F8C /* ViewController11.swift */ = {isa = PBXFileReference; lastKnownFileType = sourcecode.swift; path = ViewController11.swift; sourceTree = "<group>"; };
/* End PBXFileReference section */

/* Begin PBXFrameworksBuildPhase section */
		8D12847624C9E9DE00040971 /* Frameworks */ = {
			isa = PBXFrameworksBuildPhase;
			buildActionMask = 2147483647;
			files = (
			);
			runOnlyForDeploymentPostprocessing = 0;
		};
/* End PBXFrameworksBuildPhase section */

/* Begin PBXGroup section */
		8D12847024C9E9DE00040971 = {
			isa = PBXGroup;
			children = (
				8D12847B24C9E9DE00040971 /* MiniProject2 */,
				8D12847A24C9E9DE00040971 /* Products */,
			);
			sourceTree = "<group>";
		};
		8D12847A24C9E9DE00040971 /* Products */ = {
			isa = PBXGroup;
			children = (
				8D12847924C9E9DE00040971 /* MiniProject2.app */,
			);
			name = Products;
			sourceTree = "<group>";
		};
		8D12847B24C9E9DE00040971 /* MiniProject2 */ = {
			isa = PBXGroup;
			children = (
				8D12847C24C9E9DE00040971 /* AppDelegate.swift */,
				8D12847E24C9E9DE00040971 /* SceneDelegate.swift */,
				8D12848024C9E9DE00040971 /* ViewController.swift */,
				8D12848224C9E9DE00040971 /* Main.storyboard */,
				8D12848524C9E9DF00040971 /* Assets.xcassets */,
				8D12848724C9E9DF00040971 /* LaunchScreen.storyboard */,
				8D12848A24C9E9DF00040971 /* Info.plist */,
				8DD7D04824CA07EB00686F8C /* ViewController2.swift */,
				8DD7D04A24CA098D00686F8C /* ViewController3.swift */,
				8DD7D04C24CA09CF00686F8C /* ViewController4.swift */,
				8DD7D04E24CA09FB00686F8C /* ViewController5.swift */,
				8DD7D05024CA0A3700686F8C /* ViewController6.swift */,
				8DD7D05224CA0A5F00686F8C /* ViewController7.swift */,
				8DD7D05424CA0A8900686F8C /* ViewController8.swift */,
				8DD7D05624CA0AC200686F8C /* ViewController9.swift */,
				8DD7D05824CA0B0500686F8C /* ViewController10.swift */,
				8DD7D05A24CA262700686F8C /* ViewController11.swift */,
			);
			path = MiniProject2;
			sourceTree = "<group>";
		};
/* End PBXGroup section */

/* Begin PBXNativeTarget section */
		8D12847824C9E9DE00040971 /* MiniProject2 */ = {
			isa = PBXNativeTarget;
			buildConfigurationList = 8D12848D24C9E9DF00040971 /* Build configuration list for PBXNativeTarget "MiniProject2" */;
			buildPhases = (
				8D12847524C9E9DE00040971 /* Sources */,
				8D12847624C9E9DE00040971 /* Frameworks */,
				8D12847724C9E9DE00040971 /* Resources */,
			);
			buildRules = (
			);
			dependencies = (
			);
			name = MiniProject2;
			productName = MiniProject2;
			productReference = 8D12847924C9E9DE00040971 /* MiniProject2.app */;
			productType = "com.apple.product-type.application";
		};
/* End PBXNativeTarget section */

/* Begin PBXProject section */
		8D12847124C9E9DE00040971 /* Project object */ = {
			isa = PBXProject;
			attributes = {
				LastSwiftUpdateCheck = 1160;
				LastUpgradeCheck = 1160;
				ORGANIZATIONNAME = "Giovanna Napoleone";
				TargetAttributes = {
					8D12847824C9E9DE00040971 = {
						CreatedOnToolsVersion = 11.6;
					};
				};
			};
			buildConfigurationList = 8D12847424C9E9DE00040971 /* Build configuration list for PBXProject "MiniProject2" */;
			compatibilityVersion = "Xcode 9.3";
			developmentRegion = en;
			hasScannedForEncodings = 0;
			knownRegions = (
				en,
				Base,
			);
			mainGroup = 8D12847024C9E9DE00040971;
			productRefGroup = 8D12847A24C9E9DE00040971 /* Products */;
			projectDirPath = "";
			projectRoot = "";
			targets = (
				8D12847824C9E9DE00040971 /* MiniProject2 */,
			);
		};
/* End PBXProject section */

/* Begin PBXResourcesBuildPhase section */
		8D12847724C9E9DE00040971 /* Resources */ = {
			isa = PBXResourcesBuildPhase;
			buildActionMask = 2147483647;
			files = (
				8D12848924C9E9DF00040971 /* LaunchScreen.storyboard in Resources */,
				8D12848624C9E9DF00040971 /* Assets.xcassets in Resources */,
				8D12848424C9E9DE00040971 /* Main.storyboard in Resources */,
			);
			runOnlyForDeploymentPostprocessing = 0;
		};
/* End PBXResourcesBuildPhase section */

/* Begin PBXSourcesBuildPhase section */
		8D12847524C9E9DE00040971 /* Sources */ = {
			isa = PBXSourcesBuildPhase;
			buildActionMask = 2147483647;
			files = (
				8DD7D04B24CA098D00686F8C /* ViewController3.swift in Sources */,
				8DD7D04D24CA09CF00686F8C /* ViewController4.swift in Sources */,
				8D12848124C9E9DE00040971 /* ViewController.swift in Sources */,
				8DD7D04924CA07EB00686F8C /* ViewController2.swift in Sources */,
				8D12847D24C9E9DE00040971 /* AppDelegate.swift in Sources */,
				8DD7D05B24CA262700686F8C /* ViewController11.swift in Sources */,
				8DD7D05724CA0AC200686F8C /* ViewController9.swift in Sources */,
				8DD7D05124CA0A3700686F8C /* ViewController6.swift in Sources */,
				8DD7D05324CA0A5F00686F8C /* ViewController7.swift in Sources */,
				8DD7D05524CA0A8900686F8C /* ViewController8.swift in Sources */,
				8DD7D05924CA0B0500686F8C /* ViewController10.swift in Sources */,
				8D12847F24C9E9DE00040971 /* SceneDelegate.swift in Sources */,
				8DD7D04F24CA09FB00686F8C /* ViewController5.swift in Sources */,
			);
			runOnlyForDeploymentPostprocessing = 0;
		};
/* End PBXSourcesBuildPhase section */

/* Begin PBXVariantGroup section */
		8D12848224C9E9DE00040971 /* Main.storyboard */ = {
			isa = PBXVariantGroup;
			children = (
				8D12848324C9E9DE00040971 /* Base */,
			);
			name = Main.storyboard;
			sourceTree = "<group>";
		};
		8D12848724C9E9DF00040971 /* LaunchScreen.storyboard */ = {
			isa = PBXVariantGroup;
			children = (
				8D12848824C9E9DF00040971 /* Base */,
			);
			name = LaunchScreen.storyboard;
			sourceTree = "<group>";
		};
/* End PBXVariantGroup section */

/* Begin XCBuildConfiguration section */
		8D12848B24C9E9DF00040971 /* Debug */ = {
			isa = XCBuildConfiguration;
			buildSettings = {
				ALWAYS_SEARCH_USER_PATHS = NO;
				CLANG_ANALYZER_NONNULL = YES;
				CLANG_ANALYZER_NUMBER_OBJECT_CONVERSION = YES_AGGRESSIVE;
				CLANG_CXX_LANGUAGE_STANDARD = "gnu++14";
				CLANG_CXX_LIBRARY = "libc++";
				CLANG_ENABLE_MODULES = YES;
				CLANG_ENABLE_OBJC_ARC = YES;
				CLANG_ENABLE_OBJC_WEAK = YES;
				CLANG_WARN_BLOCK_CAPTURE_AUTORELEASING = YES;
				CLANG_WARN_BOOL_CONVERSION = YES;
				CLANG_WARN_COMMA = YES;
				CLANG_WARN_CONSTANT_CONVERSION = YES;
				CLANG_WARN_DEPRECATED_OBJC_IMPLEMENTATIONS = YES;
				CLANG_WARN_DIRECT_OBJC_ISA_USAGE = YES_ERROR;
				CLANG_WARN_DOCUMENTATION_COMMENTS = YES;
				CLANG_WARN_EMPTY_BODY = YES;
				CLANG_WARN_ENUM_CONVERSION = YES;
				CLANG_WARN_INFINITE_RECURSION = YES;
				CLANG_WARN_INT_CONVERSION = YES;
				CLANG_WARN_NON_LITERAL_NULL_CONVERSION = YES;
				CLANG_WARN_OBJC_IMPLICIT_RETAIN_SELF = YES;
				CLANG_WARN_OBJC_LITERAL_CONVERSION = YES;
				CLANG_WARN_OBJC_ROOT_CLASS = YES_ERROR;
				CLANG_WARN_RANGE_LOOP_ANALYSIS = YES;
				CLANG_WARN_STRICT_PROTOTYPES = YES;
				CLANG_WARN_SUSPICIOUS_MOVE = YES;
				CLANG_WARN_UNGUARDED_AVAILABILITY = YES_AGGRESSIVE;
				CLANG_WARN_UNREACHABLE_CODE = YES;
				CLANG_WARN__DUPLICATE_METHOD_MATCH = YES;
				COPY_PHASE_STRIP = NO;
				DEBUG_INFORMATION_FORMAT = dwarf;
				ENABLE_STRICT_OBJC_MSGSEND = YES;
				ENABLE_TESTABILITY = YES;
				GCC_C_LANGUAGE_STANDARD = gnu11;
				GCC_DYNAMIC_NO_PIC = NO;
				GCC_NO_COMMON_BLOCKS = YES;
				GCC_OPTIMIZATION_LEVEL = 0;
				GCC_PREPROCESSOR_DEFINITIONS = (
					"DEBUG=1",
					"$(inherited)",
				);
				GCC_WARN_64_TO_32_BIT_CONVERSION = YES;
				GCC_WARN_ABOUT_RETURN_TYPE = YES_ERROR;
				GCC_WARN_UNDECLARED_SELECTOR = YES;
				GCC_WARN_UNINITIALIZED_AUTOS = YES_AGGRESSIVE;
				GCC_WARN_UNUSED_FUNCTION = YES;
				GCC_WARN_UNUSED_VARIABLE = YES;
				IPHONEOS_DEPLOYMENT_TARGET = 13.6;
				MTL_ENABLE_DEBUG_INFO = INCLUDE_SOURCE;
				MTL_FAST_MATH = YES;
				ONLY_ACTIVE_ARCH = YES;
				SDKROOT = iphoneos;
				SWIFT_ACTIVE_COMPILATION_CONDITIONS = DEBUG;
				SWIFT_OPTIMIZATION_LEVEL = "-Onone";
			};
			name = Debug;
		};
		8D12848C24C9E9DF00040971 /* Release */ = {
			isa = XCBuildConfiguration;
			buildSettings = {
				ALWAYS_SEARCH_USER_PATHS = NO;
				CLANG_ANALYZER_NONNULL = YES;
				CLANG_ANALYZER_NUMBER_OBJECT_CONVERSION = YES_AGGRESSIVE;
				CLANG_CXX_LANGUAGE_STANDARD = "gnu++14";
				CLANG_CXX_LIBRARY = "libc++";
				CLANG_ENABLE_MODULES = YES;
				CLANG_ENABLE_OBJC_ARC = YES;
				CLANG_ENABLE_OBJC_WEAK = YES;
				CLANG_WARN_BLOCK_CAPTURE_AUTORELEASING = YES;
				CLANG_WARN_BOOL_CONVERSION = YES;
				CLANG_WARN_COMMA = YES;
				CLANG_WARN_CONSTANT_CONVERSION = YES;
				CLANG_WARN_DEPRECATED_OBJC_IMPLEMENTATIONS = YES;
				CLANG_WARN_DIRECT_OBJC_ISA_USAGE = YES_ERROR;
				CLANG_WARN_DOCUMENTATION_COMMENTS = YES;
				CLANG_WARN_EMPTY_BODY = YES;
				CLANG_WARN_ENUM_CONVERSION = YES;
				CLANG_WARN_INFINITE_RECURSION = YES;
				CLANG_WARN_INT_CONVERSION = YES;
				CLANG_WARN_NON_LITERAL_NULL_CONVERSION = YES;
				CLANG_WARN_OBJC_IMPLICIT_RETAIN_SELF = YES;
				CLANG_WARN_OBJC_LITERAL_CONVERSION = YES;
				CLANG_WARN_OBJC_ROOT_CLASS = YES_ERROR;
				CLANG_WARN_RANGE_LOOP_ANALYSIS = YES;
				CLANG_WARN_STRICT_PROTOTYPES = YES;
				CLANG_WARN_SUSPICIOUS_MOVE = YES;
				CLANG_WARN_UNGUARDED_AVAILABILITY = YES_AGGRESSIVE;
				CLANG_WARN_UNREACHABLE_CODE = YES;
				CLANG_WARN__DUPLICATE_METHOD_MATCH = YES;
				COPY_PHASE_STRIP = NO;
				DEBUG_INFORMATION_FORMAT = "dwarf-with-dsym";
				ENABLE_NS_ASSERTIONS = NO;
				ENABLE_STRICT_OBJC_MSGSEND = YES;
				GCC_C_LANGUAGE_STANDARD = gnu11;
				GCC_NO_COMMON_BLOCKS = YES;
				GCC_WARN_64_TO_32_BIT_CONVERSION = YES;
				GCC_WARN_ABOUT_RETURN_TYPE = YES_ERROR;
				GCC_WARN_UNDECLARED_SELECTOR = YES;
				GCC_WARN_UNINITIALIZED_AUTOS = YES_AGGRESSIVE;
				GCC_WARN_UNUSED_FUNCTION = YES;
				GCC_WARN_UNUSED_VARIABLE = YES;
				IPHONEOS_DEPLOYMENT_TARGET = 13.6;
				MTL_ENABLE_DEBUG_INFO = NO;
				MTL_FAST_MATH = YES;
				SDKROOT = iphoneos;
				SWIFT_COMPILATION_MODE = wholemodule;
				SWIFT_OPTIMIZATION_LEVEL = "-O";
				VALIDATE_PRODUCT = YES;
			};
			name = Release;
		};
		8D12848E24C9E9DF00040971 /* Debug */ = {
			isa = XCBuildConfiguration;
			buildSettings = {
				ASSETCATALOG_COMPILER_APPICON_NAME = AppIcon;
				CODE_SIGN_STYLE = Automatic;
				INFOPLIST_FILE = MiniProject2/Info.plist;
				LD_RUNPATH_SEARCH_PATHS = (
					"$(inherited)",
					"@executable_path/Frameworks",
				);
				PRODUCT_BUNDLE_IDENTIFIER = com.GiovannaNapoleone.MiniProject2;
				PRODUCT_NAME = "$(TARGET_NAME)";
				SWIFT_VERSION = 5.0;
				TARGETED_DEVICE_FAMILY = "1,2";
			};
			name = Debug;
		};
		8D12848F24C9E9DF00040971 /* Release */ = {
			isa = XCBuildConfiguration;
			buildSettings = {
				ASSETCATALOG_COMPILER_APPICON_NAME = AppIcon;
				CODE_SIGN_STYLE = Automatic;
				INFOPLIST_FILE = MiniProject2/Info.plist;
				LD_RUNPATH_SEARCH_PATHS = (
					"$(inherited)",
					"@executable_path/Frameworks",
				);
				PRODUCT_BUNDLE_IDENTIFIER = com.GiovannaNapoleone.MiniProject2;
				PRODUCT_NAME = "$(TARGET_NAME)";
				SWIFT_VERSION = 5.0;
				TARGETED_DEVICE_FAMILY = "1,2";
			};
			name = Release;
		};
/* End XCBuildConfiguration section */

/* Begin XCConfigurationList section */
		8D12847424C9E9DE00040971 /* Build configuration list for PBXProject "MiniProject2" */ = {
			isa = XCConfigurationList;
			buildConfigurations = (
				8D12848B24C9E9DF00040971 /* Debug */,
				8D12848C24C9E9DF00040971 /* Release */,
			);
			defaultConfigurationIsVisible = 0;
			defaultConfigurationName = Release;
		};
		8D12848D24C9E9DF00040971 /* Build configuration list for PBXNativeTarget "MiniProject2" */ = {
			isa = XCConfigurationList;
			buildConfigurations = (
				8D12848E24C9E9DF00040971 /* Debug */,
				8D12848F24C9E9DF00040971 /* Release */,
			);
			defaultConfigurationIsVisible = 0;
			defaultConfigurationName = Release;
		};
/* End XCConfigurationList section */
	};
	rootObject = 8D12847124C9E9DE00040971 /* Project object */;
}
